
Microsoft Visual Studio Solution File, Format Version 12.00
# Visual Studio Version 17
VisualStudioVersion = 17.14.36518.9
MinimumVisualStudioVersion = 10.0.40219.1
Project("{FAE04EC0-301F-11D3-BF4B-00C04F79EFBC}") = "Two sums", "LeetCodeSaldermorth\Two sums.csproj", "{ED348113-36FF-458A-A2D5-29C745CFA14A}"
EndProject
Project("{FAE04EC0-301F-11D3-BF4B-00C04F79EFBC}") = "Palindrome Number", "Palindrome Number\Palindrome Number.csproj", "{FE744334-1607-4330-855F-E97B6C9B3421}"
EndProject
Project("{FAE04EC0-301F-11D3-BF4B-00C04F79EFBC}") = "Roman to Integer", "Roman to Integer\Roman to Integer.csproj", "{FED5494F-007E-4BE1-B877-4C5D641AC47C}"
EndProject
Project("{FAE04EC0-301F-11D3-BF4B-00C04F79EFBC}") = "Longest Common Prefix", "Longest Common Prefix\Longest Common Prefix.csproj", "{427F1565-25F9-4C8C-A500-01530834F31E}"
EndProject
Project("{FAE04EC0-301F-11D3-BF4B-00C04F79EFBC}") = "Valid Parentheses", "Valid Parentheses\Valid Parentheses.csproj", "{8EDAD765-2132-4948-A975-D26544C0FD71}"
EndProject
Global
	GlobalSection(SolutionConfigurationPlatforms) = preSolution
		Debug|Any CPU = Debug|Any CPU
		Release|Any CPU = Release|Any CPU
	EndGlobalSection
	GlobalSection(ProjectConfigurationPlatforms) = postSolution
		{ED348113-36FF-458A-A2D5-29C745CFA14A}.Debug|Any CPU.ActiveCfg = Debug|Any CPU
		{ED348113-36FF-458A-A2D5-29C745CFA14A}.Debug|Any CPU.Build.0 = Debug|Any CPU
		{ED348113-36FF-458A-A2D5-29C745CFA14A}.Release|Any CPU.ActiveCfg = Release|Any CPU
		{ED348113-36FF-458A-A2D5-29C745CFA14A}.Release|Any CPU.Build.0 = Release|Any CPU
		{FE744334-1607-4330-855F-E97B6C9B3421}.Debug|Any CPU.ActiveCfg = Debug|Any CPU
		{FE744334-1607-4330-855F-E97B6C9B3421}.Debug|Any CPU.Build.0 = Debug|Any CPU
		{FE744334-1607-4330-855F-E97B6C9B3421}.Release|Any CPU.ActiveCfg = Release|Any CPU
		{FE744334-1607-4330-855F-E97B6C9B3421}.Release|Any CPU.Build.0 = Release|Any CPU
		{FED5494F-007E-4BE1-B877-4C5D641AC47C}.Debug|Any CPU.ActiveCfg = Debug|Any CPU
		{FED5494F-007E-4BE1-B877-4C5D641AC47C}.Debug|Any CPU.Build.0 = Debug|Any CPU
		{FED5494F-007E-4BE1-B877-4C5D641AC47C}.Release|Any CPU.ActiveCfg = Release|Any CPU
		{FED5494F-007E-4BE1-B877-4C5D641AC47C}.Release|Any CPU.Build.0 = Release|Any CPU
		{427F1565-25F9-4C8C-A500-01530834F31E}.Debug|Any CPU.ActiveCfg = Debug|Any CPU
		{427F1565-25F9-4C8C-A500-01530834F31E}.Debug|Any CPU.Build.0 = Debug|Any CPU
		{427F1565-25F9-4C8C-A500-01530834F31E}.Release|Any CPU.ActiveCfg = Release|Any CPU
		{427F1565-25F9-4C8C-A500-01530834F31E}.Release|Any CPU.Build.0 = Release|Any CPU
		{8EDAD765-2132-4948-A975-D26544C0FD71}.Debug|Any CPU.ActiveCfg = Debug|Any CPU
		{8EDAD765-2132-4948-A975-D26544C0FD71}.Debug|Any CPU.Build.0 = Debug|Any CPU
		{8EDAD765-2132-4948-A975-D26544C0FD71}.Release|Any CPU.ActiveCfg = Release|Any CPU
		{8EDAD765-2132-4948-A975-D26544C0FD71}.Release|Any CPU.Build.0 = Release|Any CPU
	EndGlobalSection
	GlobalSection(SolutionProperties) = preSolution
		HideSolutionNode = FALSE
	EndGlobalSection
	GlobalSection(ExtensibilityGlobals) = postSolution
		SolutionGuid = {FE00A063-F013-44E5-9968-D1F5CDBDECE1}
	EndGlobalSection
EndGlobal
